<?xml version="1.0" encoding="utf-8"?>
<Project ToolsVersion="17.0" xmlns="http://schemas.microsoft.com/developer/msbuild/2003">
  <ItemGroup>
    <ClCompile Include="C:\Users\hook\Documents\GitHub\Ubuntu\1Laba\1Laba.cpp">
      <Filter>Source Files</Filter>
    </ClCompile>
  </ItemGroup>
  <ItemGroup>
    <CustomBuild Include="C:\Users\hook\Documents\GitHub\Ubuntu\1Laba\CMakeLists.txt" />
  </ItemGroup>
  <ItemGroup>
    <Filter Include="Source Files">
      <UniqueIdentifier>{3977229F-B1DF-3010-A057-765F07FE881B}</UniqueIdentifier>
    </Filter>
  </ItemGroup>
</Project>
