
Microsoft Visual Studio Solution File, Format Version 12.00
# Visual Studio Version 17
Project("{8BC9CEB8-8B4A-11D0-8D11-00A0C91BC942}") = "ALL_BUILD", "ALL_BUILD.vcxproj", "{53194CA8-8983-3BBB-A06E-831D8173457D}"
	ProjectSection(ProjectDependencies) = postProject
		{8DAFFC55-81E4-3D02-AECF-E7533766DF1A} = {8DAFFC55-81E4-3D02-AECF-E7533766DF1A}
		{36D7306A-FED1-3DBA-B398-3E26E4F57D26} = {36D7306A-FED1-3DBA-B398-3E26E4F57D26}
		{728EF6C2-8781-38C2-B1B7-A7532CC7C416} = {728EF6C2-8781-38C2-B1B7-A7532CC7C416}
	EndProjectSection
EndProject
Project("{8BC9CEB8-8B4A-11D0-8D11-00A0C91BC942}") = "2Laba", "2Laba.vcxproj", "{8DAFFC55-81E4-3D02-AECF-E7533766DF1A}"
	ProjectSection(ProjectDependencies) = postProject
		{36D7306A-FED1-3DBA-B398-3E26E4F57D26} = {36D7306A-FED1-3DBA-B398-3E26E4F57D26}
		{728EF6C2-8781-38C2-B1B7-A7532CC7C416} = {728EF6C2-8781-38C2-B1B7-A7532CC7C416}
	EndProjectSection
EndProject
Project("{8BC9CEB8-8B4A-11D0-8D11-00A0C91BC942}") = "ZERO_CHECK", "ZERO_CHECK.vcxproj", "{36D7306A-FED1-3DBA-B398-3E26E4F57D26}"
	ProjectSection(ProjectDependencies) = postProject
	EndProjectSection
EndProject
Project("{8BC9CEB8-8B4A-11D0-8D11-00A0C91BC942}") = "process_launcher", "process_launcher.vcxproj", "{728EF6C2-8781-38C2-B1B7-A7532CC7C416}"
	ProjectSection(ProjectDependencies) = postProject
		{36D7306A-FED1-3DBA-B398-3E26E4F57D26} = {36D7306A-FED1-3DBA-B398-3E26E4F57D26}
	EndProjectSection
EndProject
Global
	GlobalSection(SolutionConfigurationPlatforms) = preSolution
		Debug|x64 = Debug|x64
		Release|x64 = Release|x64
		MinSizeRel|x64 = MinSizeRel|x64
		RelWithDebInfo|x64 = RelWithDebInfo|x64
	EndGlobalSection
	GlobalSection(ProjectConfigurationPlatforms) = postSolution
		{53194CA8-8983-3BBB-A06E-831D8173457D}.Debug|x64.ActiveCfg = Debug|x64
		{53194CA8-8983-3BBB-A06E-831D8173457D}.Release|x64.ActiveCfg = Release|x64
		{53194CA8-8983-3BBB-A06E-831D8173457D}.MinSizeRel|x64.ActiveCfg = MinSizeRel|x64
		{53194CA8-8983-3BBB-A06E-831D8173457D}.RelWithDebInfo|x64.ActiveCfg = RelWithDebInfo|x64
		{8DAFFC55-81E4-3D02-AECF-E7533766DF1A}.Debug|x64.ActiveCfg = Debug|x64
		{8DAFFC55-81E4-3D02-AECF-E7533766DF1A}.Debug|x64.Build.0 = Debug|x64
		{8DAFFC55-81E4-3D02-AECF-E7533766DF1A}.Release|x64.ActiveCfg = Release|x64
		{8DAFFC55-81E4-3D02-AECF-E7533766DF1A}.Release|x64.Build.0 = Release|x64
		{8DAFFC55-81E4-3D02-AECF-E7533766DF1A}.MinSizeRel|x64.ActiveCfg = MinSizeRel|x64
		{8DAFFC55-81E4-3D02-AECF-E7533766DF1A}.MinSizeRel|x64.Build.0 = MinSizeRel|x64
		{8DAFFC55-81E4-3D02-AECF-E7533766DF1A}.RelWithDebInfo|x64.ActiveCfg = RelWithDebInfo|x64
		{8DAFFC55-81E4-3D02-AECF-E7533766DF1A}.RelWithDebInfo|x64.Build.0 = RelWithDebInfo|x64
		{36D7306A-FED1-3DBA-B398-3E26E4F57D26}.Debug|x64.ActiveCfg = Debug|x64
		{36D7306A-FED1-3DBA-B398-3E26E4F57D26}.Debug|x64.Build.0 = Debug|x64
		{36D7306A-FED1-3DBA-B398-3E26E4F57D26}.Release|x64.ActiveCfg = Release|x64
		{36D7306A-FED1-3DBA-B398-3E26E4F57D26}.Release|x64.Build.0 = Release|x64
		{36D7306A-FED1-3DBA-B398-3E26E4F57D26}.MinSizeRel|x64.ActiveCfg = MinSizeRel|x64
		{36D7306A-FED1-3DBA-B398-3E26E4F57D26}.MinSizeRel|x64.Build.0 = MinSizeRel|x64
		{36D7306A-FED1-3DBA-B398-3E26E4F57D26}.RelWithDebInfo|x64.ActiveCfg = RelWithDebInfo|x64
		{36D7306A-FED1-3DBA-B398-3E26E4F57D26}.RelWithDebInfo|x64.Build.0 = RelWithDebInfo|x64
		{728EF6C2-8781-38C2-B1B7-A7532CC7C416}.Debug|x64.ActiveCfg = Debug|x64
		{728EF6C2-8781-38C2-B1B7-A7532CC7C416}.Debug|x64.Build.0 = Debug|x64
		{728EF6C2-8781-38C2-B1B7-A7532CC7C416}.Release|x64.ActiveCfg = Release|x64
		{728EF6C2-8781-38C2-B1B7-A7532CC7C416}.Release|x64.Build.0 = Release|x64
		{728EF6C2-8781-38C2-B1B7-A7532CC7C416}.MinSizeRel|x64.ActiveCfg = MinSizeRel|x64
		{728EF6C2-8781-38C2-B1B7-A7532CC7C416}.MinSizeRel|x64.Build.0 = MinSizeRel|x64
		{728EF6C2-8781-38C2-B1B7-A7532CC7C416}.RelWithDebInfo|x64.ActiveCfg = RelWithDebInfo|x64
		{728EF6C2-8781-38C2-B1B7-A7532CC7C416}.RelWithDebInfo|x64.Build.0 = RelWithDebInfo|x64
	EndGlobalSection
	GlobalSection(ExtensibilityGlobals) = postSolution
		SolutionGuid = {4D1F4B92-9E75-35D9-9DDF-BCDA88C8DB6C}
	EndGlobalSection
	GlobalSection(ExtensibilityAddIns) = postSolution
	EndGlobalSection
EndGlobal
