
Microsoft Visual Studio Solution File, Format Version 12.00
# Visual Studio Version 17
Project("{8BC9CEB8-8B4A-11D0-8D11-00A0C91BC942}") = "ALL_BUILD", "ALL_BUILD.vcxproj", "{7F418E01-36EA-3A7D-9394-E281260E51B5}"
	ProjectSection(ProjectDependencies) = postProject
		{38FF13CD-927D-39D8-9AC3-7211A7A5541D} = {38FF13CD-927D-39D8-9AC3-7211A7A5541D}
		{429E1E80-3E8C-39FE-884F-E690CD6269CF} = {429E1E80-3E8C-39FE-884F-E690CD6269CF}
		{2EFA6740-9C90-347C-8A90-51B2D0A376F0} = {2EFA6740-9C90-347C-8A90-51B2D0A376F0}
	EndProjectSection
EndProject
Project("{8BC9CEB8-8B4A-11D0-8D11-00A0C91BC942}") = "5Laba", "5Laba.vcxproj", "{38FF13CD-927D-39D8-9AC3-7211A7A5541D}"
	ProjectSection(ProjectDependencies) = postProject
		{429E1E80-3E8C-39FE-884F-E690CD6269CF} = {429E1E80-3E8C-39FE-884F-E690CD6269CF}
	EndProjectSection
EndProject
Project("{8BC9CEB8-8B4A-11D0-8D11-00A0C91BC942}") = "ZERO_CHECK", "ZERO_CHECK.vcxproj", "{429E1E80-3E8C-39FE-884F-E690CD6269CF}"
	ProjectSection(ProjectDependencies) = postProject
	EndProjectSection
EndProject
Project("{8BC9CEB8-8B4A-11D0-8D11-00A0C91BC942}") = "temperature_simulator", "temperature_simulator.vcxproj", "{2EFA6740-9C90-347C-8A90-51B2D0A376F0}"
	ProjectSection(ProjectDependencies) = postProject
		{429E1E80-3E8C-39FE-884F-E690CD6269CF} = {429E1E80-3E8C-39FE-884F-E690CD6269CF}
	EndProjectSection
EndProject
Global
	GlobalSection(SolutionConfigurationPlatforms) = preSolution
		Debug|x64 = Debug|x64
		Release|x64 = Release|x64
		MinSizeRel|x64 = MinSizeRel|x64
		RelWithDebInfo|x64 = RelWithDebInfo|x64
	EndGlobalSection
	GlobalSection(ProjectConfigurationPlatforms) = postSolution
		{7F418E01-36EA-3A7D-9394-E281260E51B5}.Debug|x64.ActiveCfg = Debug|x64
		{7F418E01-36EA-3A7D-9394-E281260E51B5}.Release|x64.ActiveCfg = Release|x64
		{7F418E01-36EA-3A7D-9394-E281260E51B5}.MinSizeRel|x64.ActiveCfg = MinSizeRel|x64
		{7F418E01-36EA-3A7D-9394-E281260E51B5}.RelWithDebInfo|x64.ActiveCfg = RelWithDebInfo|x64
		{38FF13CD-927D-39D8-9AC3-7211A7A5541D}.Debug|x64.ActiveCfg = Debug|x64
		{38FF13CD-927D-39D8-9AC3-7211A7A5541D}.Debug|x64.Build.0 = Debug|x64
		{38FF13CD-927D-39D8-9AC3-7211A7A5541D}.Release|x64.ActiveCfg = Release|x64
		{38FF13CD-927D-39D8-9AC3-7211A7A5541D}.Release|x64.Build.0 = Release|x64
		{38FF13CD-927D-39D8-9AC3-7211A7A5541D}.MinSizeRel|x64.ActiveCfg = MinSizeRel|x64
		{38FF13CD-927D-39D8-9AC3-7211A7A5541D}.MinSizeRel|x64.Build.0 = MinSizeRel|x64
		{38FF13CD-927D-39D8-9AC3-7211A7A5541D}.RelWithDebInfo|x64.ActiveCfg = RelWithDebInfo|x64
		{38FF13CD-927D-39D8-9AC3-7211A7A5541D}.RelWithDebInfo|x64.Build.0 = RelWithDebInfo|x64
		{429E1E80-3E8C-39FE-884F-E690CD6269CF}.Debug|x64.ActiveCfg = Debug|x64
		{429E1E80-3E8C-39FE-884F-E690CD6269CF}.Debug|x64.Build.0 = Debug|x64
		{429E1E80-3E8C-39FE-884F-E690CD6269CF}.Release|x64.ActiveCfg = Release|x64
		{429E1E80-3E8C-39FE-884F-E690CD6269CF}.Release|x64.Build.0 = Release|x64
		{429E1E80-3E8C-39FE-884F-E690CD6269CF}.MinSizeRel|x64.ActiveCfg = MinSizeRel|x64
		{429E1E80-3E8C-39FE-884F-E690CD6269CF}.MinSizeRel|x64.Build.0 = MinSizeRel|x64
		{429E1E80-3E8C-39FE-884F-E690CD6269CF}.RelWithDebInfo|x64.ActiveCfg = RelWithDebInfo|x64
		{429E1E80-3E8C-39FE-884F-E690CD6269CF}.RelWithDebInfo|x64.Build.0 = RelWithDebInfo|x64
		{2EFA6740-9C90-347C-8A90-51B2D0A376F0}.Debug|x64.ActiveCfg = Debug|x64
		{2EFA6740-9C90-347C-8A90-51B2D0A376F0}.Debug|x64.Build.0 = Debug|x64
		{2EFA6740-9C90-347C-8A90-51B2D0A376F0}.Release|x64.ActiveCfg = Release|x64
		{2EFA6740-9C90-347C-8A90-51B2D0A376F0}.Release|x64.Build.0 = Release|x64
		{2EFA6740-9C90-347C-8A90-51B2D0A376F0}.MinSizeRel|x64.ActiveCfg = MinSizeRel|x64
		{2EFA6740-9C90-347C-8A90-51B2D0A376F0}.MinSizeRel|x64.Build.0 = MinSizeRel|x64
		{2EFA6740-9C90-347C-8A90-51B2D0A376F0}.RelWithDebInfo|x64.ActiveCfg = RelWithDebInfo|x64
		{2EFA6740-9C90-347C-8A90-51B2D0A376F0}.RelWithDebInfo|x64.Build.0 = RelWithDebInfo|x64
	EndGlobalSection
	GlobalSection(ExtensibilityGlobals) = postSolution
		SolutionGuid = {5E6FB4D3-3BAC-3FFB-B412-C696A419666F}
	EndGlobalSection
	GlobalSection(ExtensibilityAddIns) = postSolution
	EndGlobalSection
EndGlobal
