<?xml version="1.0" encoding="utf-8"?>
<Project ToolsVersion="17.0" xmlns="http://schemas.microsoft.com/developer/msbuild/2003">
  <ItemGroup>
    <ClCompile Include="C:\Users\ARTEM\Documents\GitHub\Ubuntu\5Laba\5Laba.cpp">
      <Filter>Source Files</Filter>
    </ClCompile>
    <ClCompile Include="C:\Users\ARTEM\Documents\GitHub\Ubuntu\5Laba\db\db_handler.cpp">
      <Filter>Source Files</Filter>
    </ClCompile>
    <ClCompile Include="C:\Users\ARTEM\Documents\GitHub\Ubuntu\5Laba\http\server.cpp">
      <Filter>Source Files</Filter>
    </ClCompile>
  </ItemGroup>
  <ItemGroup>
    <CustomBuild Include="C:\Users\ARTEM\Documents\GitHub\Ubuntu\5Laba\CMakeLists.txt" />
  </ItemGroup>
  <ItemGroup>
    <Filter Include="Source Files">
      <UniqueIdentifier>{CBB9AA9F-7C12-3600-8CEF-83D505FC0391}</UniqueIdentifier>
    </Filter>
  </ItemGroup>
</Project>
