<?xml version="1.0" encoding="utf-8"?>
<Project ToolsVersion="17.0" xmlns="http://schemas.microsoft.com/developer/msbuild/2003">
  <ItemGroup>
    <CustomBuild Include="C:\Users\hook\Documents\GitHub\Ubuntu\5Laba\build_windows\CMakeFiles\8a99f92420ab7ebec47ae464e2a2b066\generate.stamp.rule">
      <Filter>CMake Rules</Filter>
    </CustomBuild>
  </ItemGroup>
  <ItemGroup>
    <Filter Include="CMake Rules">
      <UniqueIdentifier>{D236C7E4-F4B7-3AAE-BFA0-B1BF62810D68}</UniqueIdentifier>
    </Filter>
  </ItemGroup>
</Project>
