
Microsoft Visual Studio Solution File, Format Version 12.00
# Visual Studio Version 17
Project("{8BC9CEB8-8B4A-11D0-8D11-00A0C91BC942}") = "ALL_BUILD", "ALL_BUILD.vcxproj", "{3BA9C5A4-B4E1-369F-9BB6-2364D34D9DC8}"
	ProjectSection(ProjectDependencies) = postProject
		{52D218EB-97FD-348A-A4CC-EA4D3579985F} = {52D218EB-97FD-348A-A4CC-EA4D3579985F}
		{48A8C9C7-C237-3B42-B6BD-CFFF117FF100} = {48A8C9C7-C237-3B42-B6BD-CFFF117FF100}
	EndProjectSection
EndProject
Project("{8BC9CEB8-8B4A-11D0-8D11-00A0C91BC942}") = "Ubuntu", "Ubuntu.vcxproj", "{52D218EB-97FD-348A-A4CC-EA4D3579985F}"
	ProjectSection(ProjectDependencies) = postProject
		{48A8C9C7-C237-3B42-B6BD-CFFF117FF100} = {48A8C9C7-C237-3B42-B6BD-CFFF117FF100}
	EndProjectSection
EndProject
Project("{8BC9CEB8-8B4A-11D0-8D11-00A0C91BC942}") = "ZERO_CHECK", "ZERO_CHECK.vcxproj", "{48A8C9C7-C237-3B42-B6BD-CFFF117FF100}"
	ProjectSection(ProjectDependencies) = postProject
	EndProjectSection
EndProject
Global
	GlobalSection(SolutionConfigurationPlatforms) = preSolution
		Debug|x64 = Debug|x64
		Release|x64 = Release|x64
		MinSizeRel|x64 = MinSizeRel|x64
		RelWithDebInfo|x64 = RelWithDebInfo|x64
	EndGlobalSection
	GlobalSection(ProjectConfigurationPlatforms) = postSolution
		{3BA9C5A4-B4E1-369F-9BB6-2364D34D9DC8}.Debug|x64.ActiveCfg = Debug|x64
		{3BA9C5A4-B4E1-369F-9BB6-2364D34D9DC8}.Release|x64.ActiveCfg = Release|x64
		{3BA9C5A4-B4E1-369F-9BB6-2364D34D9DC8}.MinSizeRel|x64.ActiveCfg = MinSizeRel|x64
		{3BA9C5A4-B4E1-369F-9BB6-2364D34D9DC8}.RelWithDebInfo|x64.ActiveCfg = RelWithDebInfo|x64
		{52D218EB-97FD-348A-A4CC-EA4D3579985F}.Debug|x64.ActiveCfg = Debug|x64
		{52D218EB-97FD-348A-A4CC-EA4D3579985F}.Debug|x64.Build.0 = Debug|x64
		{52D218EB-97FD-348A-A4CC-EA4D3579985F}.Release|x64.ActiveCfg = Release|x64
		{52D218EB-97FD-348A-A4CC-EA4D3579985F}.Release|x64.Build.0 = Release|x64
		{52D218EB-97FD-348A-A4CC-EA4D3579985F}.MinSizeRel|x64.ActiveCfg = MinSizeRel|x64
		{52D218EB-97FD-348A-A4CC-EA4D3579985F}.MinSizeRel|x64.Build.0 = MinSizeRel|x64
		{52D218EB-97FD-348A-A4CC-EA4D3579985F}.RelWithDebInfo|x64.ActiveCfg = RelWithDebInfo|x64
		{52D218EB-97FD-348A-A4CC-EA4D3579985F}.RelWithDebInfo|x64.Build.0 = RelWithDebInfo|x64
		{48A8C9C7-C237-3B42-B6BD-CFFF117FF100}.Debug|x64.ActiveCfg = Debug|x64
		{48A8C9C7-C237-3B42-B6BD-CFFF117FF100}.Debug|x64.Build.0 = Debug|x64
		{48A8C9C7-C237-3B42-B6BD-CFFF117FF100}.Release|x64.ActiveCfg = Release|x64
		{48A8C9C7-C237-3B42-B6BD-CFFF117FF100}.Release|x64.Build.0 = Release|x64
		{48A8C9C7-C237-3B42-B6BD-CFFF117FF100}.MinSizeRel|x64.ActiveCfg = MinSizeRel|x64
		{48A8C9C7-C237-3B42-B6BD-CFFF117FF100}.MinSizeRel|x64.Build.0 = MinSizeRel|x64
		{48A8C9C7-C237-3B42-B6BD-CFFF117FF100}.RelWithDebInfo|x64.ActiveCfg = RelWithDebInfo|x64
		{48A8C9C7-C237-3B42-B6BD-CFFF117FF100}.RelWithDebInfo|x64.Build.0 = RelWithDebInfo|x64
	EndGlobalSection
	GlobalSection(ExtensibilityGlobals) = postSolution
		SolutionGuid = {88EF410A-319A-3E25-B04A-D8FE7C4A715F}
	EndGlobalSection
	GlobalSection(ExtensibilityAddIns) = postSolution
	EndGlobalSection
EndGlobal
