<?xml version="1.0" encoding="utf-8"?>
<Project ToolsVersion="17.0" xmlns="http://schemas.microsoft.com/developer/msbuild/2003">
  <ItemGroup>
    <CustomBuild Include="C:\Users\hook\Documents\GitHub\Ubuntu\4Laba\build_windows\CMakeFiles\1274118c31d201989d8e86de1589d5e1\generate.stamp.rule">
      <Filter>CMake Rules</Filter>
    </CustomBuild>
  </ItemGroup>
  <ItemGroup>
    <Filter Include="CMake Rules">
      <UniqueIdentifier>{871601F8-2B70-3E36-B389-694980038F8E}</UniqueIdentifier>
    </Filter>
  </ItemGroup>
</Project>
